
Microsoft Visual Studio Solution File, Format Version 12.00
# Visual Studio 14
VisualStudioVersion = 14.0.25420.1
MinimumVisualStudioVersion = 10.0.40219.1
Project("{FAE04EC0-301F-11D3-BF4B-00C04F79EFBC}") = "XMainClient", "XMainClient\XMainClient.csproj", "{5126C932-0FED-445A-AE5A-9EDA5FF296DA}"
EndProject
Project("{FAE04EC0-301F-11D3-BF4B-00C04F79EFBC}") = "XUtliPoolLib", "XUtliPoolLib\XUtliPoolLib.csproj", "{0784A476-3559-4433-AC70-995603CF5508}"
EndProject
Project("{FAE04EC0-301F-11D3-BF4B-00C04F79EFBC}") = "UILib", "UILib\UILib.csproj", "{C3D2C5D2-6809-44F9-9A64-35D624322A12}"
EndProject
Project("{FAE04EC0-301F-11D3-BF4B-00C04F79EFBC}") = "XDragonBones", "XDragonBones\XDragonBones.csproj", "{1CC3C635-9D9F-4B5E-B3C8-6CA740208952}"
EndProject
Global
	GlobalSection(SolutionConfigurationPlatforms) = preSolution
		Debug|Any CPU = Debug|Any CPU
		DebugAndroid|Any CPU = DebugAndroid|Any CPU
		Profiler|Any CPU = Profiler|Any CPU
		Release|Any CPU = Release|Any CPU
	EndGlobalSection
	GlobalSection(ProjectConfigurationPlatforms) = postSolution
		{5126C932-0FED-445A-AE5A-9EDA5FF296DA}.Debug|Any CPU.ActiveCfg = Debug|Any CPU
		{5126C932-0FED-445A-AE5A-9EDA5FF296DA}.Debug|Any CPU.Build.0 = Debug|Any CPU
		{5126C932-0FED-445A-AE5A-9EDA5FF296DA}.DebugAndroid|Any CPU.ActiveCfg = Debug|Any CPU
		{5126C932-0FED-445A-AE5A-9EDA5FF296DA}.DebugAndroid|Any CPU.Build.0 = Debug|Any CPU
		{5126C932-0FED-445A-AE5A-9EDA5FF296DA}.Profiler|Any CPU.ActiveCfg = Release|Any CPU
		{5126C932-0FED-445A-AE5A-9EDA5FF296DA}.Profiler|Any CPU.Build.0 = Release|Any CPU
		{5126C932-0FED-445A-AE5A-9EDA5FF296DA}.Release|Any CPU.ActiveCfg = Release|Any CPU
		{5126C932-0FED-445A-AE5A-9EDA5FF296DA}.Release|Any CPU.Build.0 = Release|Any CPU
		{0784A476-3559-4433-AC70-995603CF5508}.Debug|Any CPU.ActiveCfg = Debug|Any CPU
		{0784A476-3559-4433-AC70-995603CF5508}.Debug|Any CPU.Build.0 = Debug|Any CPU
		{0784A476-3559-4433-AC70-995603CF5508}.DebugAndroid|Any CPU.ActiveCfg = Debug|Any CPU
		{0784A476-3559-4433-AC70-995603CF5508}.DebugAndroid|Any CPU.Build.0 = Debug|Any CPU
		{0784A476-3559-4433-AC70-995603CF5508}.Profiler|Any CPU.ActiveCfg = Release|Any CPU
		{0784A476-3559-4433-AC70-995603CF5508}.Profiler|Any CPU.Build.0 = Release|Any CPU
		{0784A476-3559-4433-AC70-995603CF5508}.Release|Any CPU.ActiveCfg = Release|Any CPU
		{0784A476-3559-4433-AC70-995603CF5508}.Release|Any CPU.Build.0 = Release|Any CPU
		{C3D2C5D2-6809-44F9-9A64-35D624322A12}.Debug|Any CPU.ActiveCfg = Debug|Any CPU
		{C3D2C5D2-6809-44F9-9A64-35D624322A12}.Debug|Any CPU.Build.0 = Debug|Any CPU
		{C3D2C5D2-6809-44F9-9A64-35D624322A12}.DebugAndroid|Any CPU.ActiveCfg = DebugAndroid|Any CPU
		{C3D2C5D2-6809-44F9-9A64-35D624322A12}.DebugAndroid|Any CPU.Build.0 = DebugAndroid|Any CPU
		{C3D2C5D2-6809-44F9-9A64-35D624322A12}.Profiler|Any CPU.ActiveCfg = Profiler|Any CPU
		{C3D2C5D2-6809-44F9-9A64-35D624322A12}.Profiler|Any CPU.Build.0 = Profiler|Any CPU
		{C3D2C5D2-6809-44F9-9A64-35D624322A12}.Release|Any CPU.ActiveCfg = Release|Any CPU
		{C3D2C5D2-6809-44F9-9A64-35D624322A12}.Release|Any CPU.Build.0 = Release|Any CPU
		{1CC3C635-9D9F-4B5E-B3C8-6CA740208952}.Debug|Any CPU.ActiveCfg = Debug|Any CPU
		{1CC3C635-9D9F-4B5E-B3C8-6CA740208952}.Debug|Any CPU.Build.0 = Debug|Any CPU
		{1CC3C635-9D9F-4B5E-B3C8-6CA740208952}.DebugAndroid|Any CPU.ActiveCfg = Debug|Any CPU
		{1CC3C635-9D9F-4B5E-B3C8-6CA740208952}.DebugAndroid|Any CPU.Build.0 = Debug|Any CPU
		{1CC3C635-9D9F-4B5E-B3C8-6CA740208952}.Profiler|Any CPU.ActiveCfg = Release|Any CPU
		{1CC3C635-9D9F-4B5E-B3C8-6CA740208952}.Profiler|Any CPU.Build.0 = Release|Any CPU
		{1CC3C635-9D9F-4B5E-B3C8-6CA740208952}.Release|Any CPU.ActiveCfg = Release|Any CPU
		{1CC3C635-9D9F-4B5E-B3C8-6CA740208952}.Release|Any CPU.Build.0 = Release|Any CPU
	EndGlobalSection
	GlobalSection(SolutionProperties) = preSolution
		HideSolutionNode = FALSE
	EndGlobalSection
EndGlobal
